// !$*UTF8*$!
{
	archiveVersion = 1;
	classes = {
	};
	objectVersion = 77;
	objects = {

/* Begin PBXBuildFile section */
		A99B179E2D2B0BE30052A9E3 /* watch.bikecomputer Watch App.app in Embed Watch Content */ = {isa = PBXBuildFile; fileRef = A99B177B2D2B0BE00052A9E3 /* watch.bikecomputer Watch App.app */; settings = {ATTRIBUTES = (RemoveHeadersOnCopy, ); }; };
/* End PBXBuildFile section */

/* Begin PBXContainerItemProxy section */
		A99B175A2D2B0AAF0052A9E3 /* PBXContainerItemProxy */ = {
			isa = PBXContainerItemProxy;
			containerPortal = A99B173D2D2B0AAC0052A9E3 /* Project object */;
			proxyType = 1;
			remoteGlobalIDString = A99B17442D2B0AAC0052A9E3;
			remoteInfo = bikecomputer;
		};
		A99B17642D2B0AAF0052A9E3 /* PBXContainerItemProxy */ = {
			isa = PBXContainerItemProxy;
			containerPortal = A99B173D2D2B0AAC0052A9E3 /* Project object */;
			proxyType = 1;
			remoteGlobalIDString = A99B17442D2B0AAC0052A9E3;
			remoteInfo = bikecomputer;
		};
		A99B178B2D2B0BE30052A9E3 /* PBXContainerItemProxy */ = {
			isa = PBXContainerItemProxy;
			containerPortal = A99B173D2D2B0AAC0052A9E3 /* Project object */;
			proxyType = 1;
			remoteGlobalIDString = A99B177A2D2B0BE00052A9E3;
			remoteInfo = "watch.bikecomputer Watch App";
		};
		A99B17952D2B0BE30052A9E3 /* PBXContainerItemProxy */ = {
			isa = PBXContainerItemProxy;
			containerPortal = A99B173D2D2B0AAC0052A9E3 /* Project object */;
			proxyType = 1;
			remoteGlobalIDString = A99B177A2D2B0BE00052A9E3;
			remoteInfo = "watch.bikecomputer Watch App";
		};
		A99B179C2D2B0BE30052A9E3 /* PBXContainerItemProxy */ = {
			isa = PBXContainerItemProxy;
			containerPortal = A99B173D2D2B0AAC0052A9E3 /* Project object */;
			proxyType = 1;
			remoteGlobalIDString = A99B177A2D2B0BE00052A9E3;
			remoteInfo = "watch.bikecomputer Watch App";
		};
/* End PBXContainerItemProxy section */

/* Begin PBXCopyFilesBuildPhase section */
		A99B17A22D2B0BE30052A9E3 /* Embed Watch Content */ = {
			isa = PBXCopyFilesBuildPhase;
			buildActionMask = 2147483647;
			dstPath = "$(CONTENTS_FOLDER_PATH)/Watch";
			dstSubfolderSpec = 16;
			files = (
				A99B179E2D2B0BE30052A9E3 /* watch.bikecomputer Watch App.app in Embed Watch Content */,
			);
			name = "Embed Watch Content";
			runOnlyForDeploymentPostprocessing = 0;
		};
/* End PBXCopyFilesBuildPhase section */

/* Begin PBXFileReference section */
		A97B51FE2D2C840700DFFC7B /* Cycling.gpx */ = {isa = PBXFileReference; lastKnownFileType = text.xml; path = Cycling.gpx; sourceTree = "<group>"; };
		A99B17452D2B0AAC0052A9E3 /* bikecomputer.app */ = {isa = PBXFileReference; explicitFileType = wrapper.application; includeInIndex = 0; path = bikecomputer.app; sourceTree = BUILT_PRODUCTS_DIR; };
		A99B17592D2B0AAF0052A9E3 /* bikecomputerTests.xctest */ = {isa = PBXFileReference; explicitFileType = wrapper.cfbundle; includeInIndex = 0; path = bikecomputerTests.xctest; sourceTree = BUILT_PRODUCTS_DIR; };
		A99B17632D2B0AAF0052A9E3 /* bikecomputerUITests.xctest */ = {isa = PBXFileReference; explicitFileType = wrapper.cfbundle; includeInIndex = 0; path = bikecomputerUITests.xctest; sourceTree = BUILT_PRODUCTS_DIR; };
		A99B177B2D2B0BE00052A9E3 /* watch.bikecomputer Watch App.app */ = {isa = PBXFileReference; explicitFileType = wrapper.application; includeInIndex = 0; path = "watch.bikecomputer Watch App.app"; sourceTree = BUILT_PRODUCTS_DIR; };
		A99B178A2D2B0BE30052A9E3 /* watch.bikecomputer Watch AppTests.xctest */ = {isa = PBXFileReference; explicitFileType = wrapper.cfbundle; includeInIndex = 0; path = "watch.bikecomputer Watch AppTests.xctest"; sourceTree = BUILT_PRODUCTS_DIR; };
		A99B17942D2B0BE30052A9E3 /* watch.bikecomputer Watch AppUITests.xctest */ = {isa = PBXFileReference; explicitFileType = wrapper.cfbundle; includeInIndex = 0; path = "watch.bikecomputer Watch AppUITests.xctest"; sourceTree = BUILT_PRODUCTS_DIR; };
/* End PBXFileReference section */

/* Begin PBXFileSystemSynchronizedBuildFileExceptionSet section */
		A94BE02D2D32926000F00D36 /* Exceptions for "watch.bikecomputer Watch App" folder in "watch.bikecomputer Watch App" target */ = {
			isa = PBXFileSystemSynchronizedBuildFileExceptionSet;
			membershipExceptions = (
				Assets.xcassets,
				BorderButtonStyle.swift,
				ContentView.swift,
				DurationFormatter.swift,
				FileListView.swift,
				Localize.swift,
				LocationManager.swift,
				MorseCode/MorseCodeService.swift,
				"Preview Content/Preview Assets.xcassets",
				SettingsView.swift,
				sound/dash.m4a,
				sound/dot.m4a,
				SpeechService.swift,
				UploadActivity/ActivityManager.swift,
				UploadActivity/GPXGenerator.swift,
				UploadActivity/StravaAPI.swift,
				watch_bikecomputerApp.swift,
				WorkoutManager.swift,
			);
			target = A99B177A2D2B0BE00052A9E3 /* watch.bikecomputer Watch App */;
		};
		A95B723C2D3471FA00AECABE /* Exceptions for "watch.bikecomputer Watch App" folder in "bikecomputer" target */ = {
			isa = PBXFileSystemSynchronizedBuildFileExceptionSet;
			membershipExceptions = (
				Assets.xcassets,
				ContentView.swift,
				MorseCode/MorseCodeService.swift,
				SettingsView.swift,
				watch_bikecomputerApp.swift,
				WorkoutManager.swift,
			);
			target = A99B17442D2B0AAC0052A9E3 /* bikecomputer */;
		};
		A95B723F2D34727900AECABE /* Exceptions for "bikecomputer" folder in "bikecomputer" target */ = {
			isa = PBXFileSystemSynchronizedBuildFileExceptionSet;
			membershipExceptions = (
				Info.plist,
			);
			target = A99B17442D2B0AAC0052A9E3 /* bikecomputer */;
		};
/* End PBXFileSystemSynchronizedBuildFileExceptionSet section */

/* Begin PBXFileSystemSynchronizedRootGroup section */
		A94BE0122D32926000F00D36 /* watch.bikecomputer Watch App */ = {
			isa = PBXFileSystemSynchronizedRootGroup;
			exceptions = (
				A95B723C2D3471FA00AECABE /* Exceptions for "watch.bikecomputer Watch App" folder in "bikecomputer" target */,
				A94BE02D2D32926000F00D36 /* Exceptions for "watch.bikecomputer Watch App" folder in "watch.bikecomputer Watch App" target */,
			);
			path = "watch.bikecomputer Watch App";
			sourceTree = "<group>";
		};
		A99B17472D2B0AAC0052A9E3 /* bikecomputer */ = {
			isa = PBXFileSystemSynchronizedRootGroup;
			exceptions = (
				A95B723F2D34727900AECABE /* Exceptions for "bikecomputer" folder in "bikecomputer" target */,
			);
			path = bikecomputer;
			sourceTree = "<group>";
		};
		A99B175C2D2B0AAF0052A9E3 /* bikecomputerTests */ = {
			isa = PBXFileSystemSynchronizedRootGroup;
			path = bikecomputerTests;
			sourceTree = "<group>";
		};
		A99B17662D2B0AAF0052A9E3 /* bikecomputerUITests */ = {
			isa = PBXFileSystemSynchronizedRootGroup;
			path = bikecomputerUITests;
			sourceTree = "<group>";
		};
		A99B178D2D2B0BE30052A9E3 /* watch.bikecomputer Watch AppTests */ = {
			isa = PBXFileSystemSynchronizedRootGroup;
			path = "watch.bikecomputer Watch AppTests";
			sourceTree = "<group>";
		};
		A99B17972D2B0BE30052A9E3 /* watch.bikecomputer Watch AppUITests */ = {
			isa = PBXFileSystemSynchronizedRootGroup;
			path = "watch.bikecomputer Watch AppUITests";
			sourceTree = "<group>";
		};
/* End PBXFileSystemSynchronizedRootGroup section */

/* Begin PBXFrameworksBuildPhase section */
		A99B17422D2B0AAC0052A9E3 /* Frameworks */ = {
			isa = PBXFrameworksBuildPhase;
			buildActionMask = 2147483647;
			files = (
			);
			runOnlyForDeploymentPostprocessing = 0;
		};
		A99B17562D2B0AAF0052A9E3 /* Frameworks */ = {
			isa = PBXFrameworksBuildPhase;
			buildActionMask = 2147483647;
			files = (
			);
			runOnlyForDeploymentPostprocessing = 0;
		};
		A99B17602D2B0AAF0052A9E3 /* Frameworks */ = {
			isa = PBXFrameworksBuildPhase;
			buildActionMask = 2147483647;
			files = (
			);
			runOnlyForDeploymentPostprocessing = 0;
		};
		A99B17782D2B0BE00052A9E3 /* Frameworks */ = {
			isa = PBXFrameworksBuildPhase;
			buildActionMask = 2147483647;
			files = (
			);
			runOnlyForDeploymentPostprocessing = 0;
		};
		A99B17872D2B0BE30052A9E3 /* Frameworks */ = {
			isa = PBXFrameworksBuildPhase;
			buildActionMask = 2147483647;
			files = (
			);
			runOnlyForDeploymentPostprocessing = 0;
		};
		A99B17912D2B0BE30052A9E3 /* Frameworks */ = {
			isa = PBXFrameworksBuildPhase;
			buildActionMask = 2147483647;
			files = (
			);
			runOnlyForDeploymentPostprocessing = 0;
		};
/* End PBXFrameworksBuildPhase section */

/* Begin PBXGroup section */
		A99B173C2D2B0AAC0052A9E3 = {
			isa = PBXGroup;
			children = (
				A94BE0122D32926000F00D36 /* watch.bikecomputer Watch App */,
				A97B51FE2D2C840700DFFC7B /* Cycling.gpx */,
				A99B17472D2B0AAC0052A9E3 /* bikecomputer */,
				A99B175C2D2B0AAF0052A9E3 /* bikecomputerTests */,
				A99B17662D2B0AAF0052A9E3 /* bikecomputerUITests */,
				A99B178D2D2B0BE30052A9E3 /* watch.bikecomputer Watch AppTests */,
				A99B17972D2B0BE30052A9E3 /* watch.bikecomputer Watch AppUITests */,
				A99B17462D2B0AAC0052A9E3 /* Products */,
			);
			sourceTree = "<group>";
		};
		A99B17462D2B0AAC0052A9E3 /* Products */ = {
			isa = PBXGroup;
			children = (
				A99B17452D2B0AAC0052A9E3 /* bikecomputer.app */,
				A99B17592D2B0AAF0052A9E3 /* bikecomputerTests.xctest */,
				A99B17632D2B0AAF0052A9E3 /* bikecomputerUITests.xctest */,
				A99B177B2D2B0BE00052A9E3 /* watch.bikecomputer Watch App.app */,
				A99B178A2D2B0BE30052A9E3 /* watch.bikecomputer Watch AppTests.xctest */,
				A99B17942D2B0BE30052A9E3 /* watch.bikecomputer Watch AppUITests.xctest */,
			);
			name = Products;
			sourceTree = "<group>";
		};
/* End PBXGroup section */

/* Begin PBXNativeTarget section */
		A99B17442D2B0AAC0052A9E3 /* bikecomputer */ = {
			isa = PBXNativeTarget;
			buildConfigurationList = A99B176C2D2B0AAF0052A9E3 /* Build configuration list for PBXNativeTarget "bikecomputer" */;
			buildPhases = (
				A99B17412D2B0AAC0052A9E3 /* Sources */,
				A99B17422D2B0AAC0052A9E3 /* Frameworks */,
				A99B17432D2B0AAC0052A9E3 /* Resources */,
				A99B17A22D2B0BE30052A9E3 /* Embed Watch Content */,
			);
			buildRules = (
			);
			dependencies = (
				A99B179D2D2B0BE30052A9E3 /* PBXTargetDependency */,
			);
			fileSystemSynchronizedGroups = (
				A94BE0122D32926000F00D36 /* watch.bikecomputer Watch App */,
				A99B17472D2B0AAC0052A9E3 /* bikecomputer */,
			);
			name = bikecomputer;
			packageProductDependencies = (
			);
			productName = bikecomputer;
			productReference = A99B17452D2B0AAC0052A9E3 /* bikecomputer.app */;
			productType = "com.apple.product-type.application";
		};
		A99B17582D2B0AAF0052A9E3 /* bikecomputerTests */ = {
			isa = PBXNativeTarget;
			buildConfigurationList = A99B17712D2B0AAF0052A9E3 /* Build configuration list for PBXNativeTarget "bikecomputerTests" */;
			buildPhases = (
				A99B17552D2B0AAF0052A9E3 /* Sources */,
				A99B17562D2B0AAF0052A9E3 /* Frameworks */,
				A99B17572D2B0AAF0052A9E3 /* Resources */,
			);
			buildRules = (
			);
			dependencies = (
				A99B175B2D2B0AAF0052A9E3 /* PBXTargetDependency */,
			);
			fileSystemSynchronizedGroups = (
				A99B175C2D2B0AAF0052A9E3 /* bikecomputerTests */,
			);
			name = bikecomputerTests;
			packageProductDependencies = (
			);
			productName = bikecomputerTests;
			productReference = A99B17592D2B0AAF0052A9E3 /* bikecomputerTests.xctest */;
			productType = "com.apple.product-type.bundle.unit-test";
		};
		A99B17622D2B0AAF0052A9E3 /* bikecomputerUITests */ = {
			isa = PBXNativeTarget;
			buildConfigurationList = A99B17742D2B0AAF0052A9E3 /* Build configuration list for PBXNativeTarget "bikecomputerUITests" */;
			buildPhases = (
				A99B175F2D2B0AAF0052A9E3 /* Sources */,
				A99B17602D2B0AAF0052A9E3 /* Frameworks */,
				A99B17612D2B0AAF0052A9E3 /* Resources */,
			);
			buildRules = (
			);
			dependencies = (
				A99B17652D2B0AAF0052A9E3 /* PBXTargetDependency */,
			);
			fileSystemSynchronizedGroups = (
				A99B17662D2B0AAF0052A9E3 /* bikecomputerUITests */,
			);
			name = bikecomputerUITests;
			packageProductDependencies = (
			);
			productName = bikecomputerUITests;
			productReference = A99B17632D2B0AAF0052A9E3 /* bikecomputerUITests.xctest */;
			productType = "com.apple.product-type.bundle.ui-testing";
		};
		A99B177A2D2B0BE00052A9E3 /* watch.bikecomputer Watch App */ = {
			isa = PBXNativeTarget;
			buildConfigurationList = A99B179F2D2B0BE30052A9E3 /* Build configuration list for PBXNativeTarget "watch.bikecomputer Watch App" */;
			buildPhases = (
				A99B17772D2B0BE00052A9E3 /* Sources */,
				A99B17782D2B0BE00052A9E3 /* Frameworks */,
				A99B17792D2B0BE00052A9E3 /* Resources */,
			);
			buildRules = (
			);
			dependencies = (
			);
			name = "watch.bikecomputer Watch App";
			packageProductDependencies = (
			);
			productName = "watch.bikecomputer Watch App";
			productReference = A99B177B2D2B0BE00052A9E3 /* watch.bikecomputer Watch App.app */;
			productType = "com.apple.product-type.application";
		};
		A99B17892D2B0BE30052A9E3 /* watch.bikecomputer Watch AppTests */ = {
			isa = PBXNativeTarget;
			buildConfigurationList = A99B17A32D2B0BE30052A9E3 /* Build configuration list for PBXNativeTarget "watch.bikecomputer Watch AppTests" */;
			buildPhases = (
				A99B17862D2B0BE30052A9E3 /* Sources */,
				A99B17872D2B0BE30052A9E3 /* Frameworks */,
				A99B17882D2B0BE30052A9E3 /* Resources */,
			);
			buildRules = (
			);
			dependencies = (
				A99B178C2D2B0BE30052A9E3 /* PBXTargetDependency */,
			);
			fileSystemSynchronizedGroups = (
				A99B178D2D2B0BE30052A9E3 /* watch.bikecomputer Watch AppTests */,
			);
			name = "watch.bikecomputer Watch AppTests";
			packageProductDependencies = (
			);
			productName = "watch.bikecomputer Watch AppTests";
			productReference = A99B178A2D2B0BE30052A9E3 /* watch.bikecomputer Watch AppTests.xctest */;
			productType = "com.apple.product-type.bundle.unit-test";
		};
		A99B17932D2B0BE30052A9E3 /* watch.bikecomputer Watch AppUITests */ = {
			isa = PBXNativeTarget;
			buildConfigurationList = A99B17A62D2B0BE30052A9E3 /* Build configuration list for PBXNativeTarget "watch.bikecomputer Watch AppUITests" */;
			buildPhases = (
				A99B17902D2B0BE30052A9E3 /* Sources */,
				A99B17912D2B0BE30052A9E3 /* Frameworks */,
				A99B17922D2B0BE30052A9E3 /* Resources */,
			);
			buildRules = (
			);
			dependencies = (
				A99B17962D2B0BE30052A9E3 /* PBXTargetDependency */,
			);
			fileSystemSynchronizedGroups = (
				A99B17972D2B0BE30052A9E3 /* watch.bikecomputer Watch AppUITests */,
			);
			name = "watch.bikecomputer Watch AppUITests";
			packageProductDependencies = (
			);
			productName = "watch.bikecomputer Watch AppUITests";
			productReference = A99B17942D2B0BE30052A9E3 /* watch.bikecomputer Watch AppUITests.xctest */;
			productType = "com.apple.product-type.bundle.ui-testing";
		};
/* End PBXNativeTarget section */

/* Begin PBXProject section */
		A99B173D2D2B0AAC0052A9E3 /* Project object */ = {
			isa = PBXProject;
			attributes = {
				BuildIndependentTargetsInParallel = 1;
				LastSwiftUpdateCheck = 1620;
				LastUpgradeCheck = 1620;
				TargetAttributes = {
					A99B17442D2B0AAC0052A9E3 = {
						CreatedOnToolsVersion = 16.2;
					};
					A99B17582D2B0AAF0052A9E3 = {
						CreatedOnToolsVersion = 16.2;
						TestTargetID = A99B17442D2B0AAC0052A9E3;
					};
					A99B17622D2B0AAF0052A9E3 = {
						CreatedOnToolsVersion = 16.2;
						TestTargetID = A99B17442D2B0AAC0052A9E3;
					};
					A99B177A2D2B0BE00052A9E3 = {
						CreatedOnToolsVersion = 16.2;
					};
					A99B17892D2B0BE30052A9E3 = {
						CreatedOnToolsVersion = 16.2;
						TestTargetID = A99B177A2D2B0BE00052A9E3;
					};
					A99B17932D2B0BE30052A9E3 = {
						CreatedOnToolsVersion = 16.2;
						TestTargetID = A99B177A2D2B0BE00052A9E3;
					};
				};
			};
			buildConfigurationList = A99B17402D2B0AAC0052A9E3 /* Build configuration list for PBXProject "bikecomputer" */;
			developmentRegion = en;
			hasScannedForEncodings = 0;
			knownRegions = (
				en,
				Base,
			);
			mainGroup = A99B173C2D2B0AAC0052A9E3;
			minimizedProjectReferenceProxies = 1;
			preferredProjectObjectVersion = 77;
			productRefGroup = A99B17462D2B0AAC0052A9E3 /* Products */;
			projectDirPath = "";
			projectRoot = "";
			targets = (
				A99B17442D2B0AAC0052A9E3 /* bikecomputer */,
				A99B17582D2B0AAF0052A9E3 /* bikecomputerTests */,
				A99B17622D2B0AAF0052A9E3 /* bikecomputerUITests */,
				A99B177A2D2B0BE00052A9E3 /* watch.bikecomputer Watch App */,
				A99B17892D2B0BE30052A9E3 /* watch.bikecomputer Watch AppTests */,
				A99B17932D2B0BE30052A9E3 /* watch.bikecomputer Watch AppUITests */,
			);
		};
/* End PBXProject section */

/* Begin PBXResourcesBuildPhase section */
		A99B17432D2B0AAC0052A9E3 /* Resources */ = {
			isa = PBXResourcesBuildPhase;
			buildActionMask = 2147483647;
			files = (
			);
			runOnlyForDeploymentPostprocessing = 0;
		};
		A99B17572D2B0AAF0052A9E3 /* Resources */ = {
			isa = PBXResourcesBuildPhase;
			buildActionMask = 2147483647;
			files = (
			);
			runOnlyForDeploymentPostprocessing = 0;
		};
		A99B17612D2B0AAF0052A9E3 /* Resources */ = {
			isa = PBXResourcesBuildPhase;
			buildActionMask = 2147483647;
			files = (
			);
			runOnlyForDeploymentPostprocessing = 0;
		};
		A99B17792D2B0BE00052A9E3 /* Resources */ = {
			isa = PBXResourcesBuildPhase;
			buildActionMask = 2147483647;
			files = (
			);
			runOnlyForDeploymentPostprocessing = 0;
		};
		A99B17882D2B0BE30052A9E3 /* Resources */ = {
			isa = PBXResourcesBuildPhase;
			buildActionMask = 2147483647;
			files = (
			);
			runOnlyForDeploymentPostprocessing = 0;
		};
		A99B17922D2B0BE30052A9E3 /* Resources */ = {
			isa = PBXResourcesBuildPhase;
			buildActionMask = 2147483647;
			files = (
			);
			runOnlyForDeploymentPostprocessing = 0;
		};
/* End PBXResourcesBuildPhase section */

/* Begin PBXSourcesBuildPhase section */
		A99B17412D2B0AAC0052A9E3 /* Sources */ = {
			isa = PBXSourcesBuildPhase;
			buildActionMask = 2147483647;
			files = (
			);
			runOnlyForDeploymentPostprocessing = 0;
		};
		A99B17552D2B0AAF0052A9E3 /* Sources */ = {
			isa = PBXSourcesBuildPhase;
			buildActionMask = 2147483647;
			files = (
			);
			runOnlyForDeploymentPostprocessing = 0;
		};
		A99B175F2D2B0AAF0052A9E3 /* Sources */ = {
			isa = PBXSourcesBuildPhase;
			buildActionMask = 2147483647;
			files = (
			);
			runOnlyForDeploymentPostprocessing = 0;
		};
		A99B17772D2B0BE00052A9E3 /* Sources */ = {
			isa = PBXSourcesBuildPhase;
			buildActionMask = 2147483647;
			files = (
			);
			runOnlyForDeploymentPostprocessing = 0;
		};
		A99B17862D2B0BE30052A9E3 /* Sources */ = {
			isa = PBXSourcesBuildPhase;
			buildActionMask = 2147483647;
			files = (
			);
			runOnlyForDeploymentPostprocessing = 0;
		};
		A99B17902D2B0BE30052A9E3 /* Sources */ = {
			isa = PBXSourcesBuildPhase;
			buildActionMask = 2147483647;
			files = (
			);
			runOnlyForDeploymentPostprocessing = 0;
		};
/* End PBXSourcesBuildPhase section */

/* Begin PBXTargetDependency section */
		A99B175B2D2B0AAF0052A9E3 /* PBXTargetDependency */ = {
			isa = PBXTargetDependency;
			target = A99B17442D2B0AAC0052A9E3 /* bikecomputer */;
			targetProxy = A99B175A2D2B0AAF0052A9E3 /* PBXContainerItemProxy */;
		};
		A99B17652D2B0AAF0052A9E3 /* PBXTargetDependency */ = {
			isa = PBXTargetDependency;
			target = A99B17442D2B0AAC0052A9E3 /* bikecomputer */;
			targetProxy = A99B17642D2B0AAF0052A9E3 /* PBXContainerItemProxy */;
		};
		A99B178C2D2B0BE30052A9E3 /* PBXTargetDependency */ = {
			isa = PBXTargetDependency;
			target = A99B177A2D2B0BE00052A9E3 /* watch.bikecomputer Watch App */;
			targetProxy = A99B178B2D2B0BE30052A9E3 /* PBXContainerItemProxy */;
		};
		A99B17962D2B0BE30052A9E3 /* PBXTargetDependency */ = {
			isa = PBXTargetDependency;
			target = A99B177A2D2B0BE00052A9E3 /* watch.bikecomputer Watch App */;
			targetProxy = A99B17952D2B0BE30052A9E3 /* PBXContainerItemProxy */;
		};
		A99B179D2D2B0BE30052A9E3 /* PBXTargetDependency */ = {
			isa = PBXTargetDependency;
			target = A99B177A2D2B0BE00052A9E3 /* watch.bikecomputer Watch App */;
			targetProxy = A99B179C2D2B0BE30052A9E3 /* PBXContainerItemProxy */;
		};
/* End PBXTargetDependency section */

/* Begin XCBuildConfiguration section */
		A99B176D2D2B0AAF0052A9E3 /* Debug */ = {
			isa = XCBuildConfiguration;
			buildSettings = {
				ASSETCATALOG_COMPILER_APPICON_NAME = AppIcon;
				ASSETCATALOG_COMPILER_GLOBAL_ACCENT_COLOR_NAME = AccentColor;
				CODE_SIGN_ENTITLEMENTS = bikecomputer/bikecomputer.entitlements;
				CODE_SIGN_STYLE = Automatic;
				CURRENT_PROJECT_VERSION = 1;
				DEVELOPMENT_ASSET_PATHS = "\"bikecomputer/Preview Content\"";
				DEVELOPMENT_TEAM = G5GZ5MPEHS;
				ENABLE_HARDENED_RUNTIME = YES;
				ENABLE_PREVIEWS = YES;
				GENERATE_INFOPLIST_FILE = YES;
				INFOPLIST_FILE = bikecomputer/Info.plist;
				"INFOPLIST_KEY_UIApplicationSceneManifest_Generation[sdk=iphoneos*]" = YES;
				"INFOPLIST_KEY_UIApplicationSceneManifest_Generation[sdk=iphonesimulator*]" = YES;
				"INFOPLIST_KEY_UIApplicationSupportsIndirectInputEvents[sdk=iphoneos*]" = YES;
				"INFOPLIST_KEY_UIApplicationSupportsIndirectInputEvents[sdk=iphonesimulator*]" = YES;
				"INFOPLIST_KEY_UILaunchScreen_Generation[sdk=iphoneos*]" = YES;
				"INFOPLIST_KEY_UILaunchScreen_Generation[sdk=iphonesimulator*]" = YES;
				"INFOPLIST_KEY_UIStatusBarStyle[sdk=iphoneos*]" = UIStatusBarStyleDefault;
				"INFOPLIST_KEY_UIStatusBarStyle[sdk=iphonesimulator*]" = UIStatusBarStyleDefault;
				INFOPLIST_KEY_UISupportedInterfaceOrientations_iPad = "UIInterfaceOrientationPortrait UIInterfaceOrientationPortraitUpsideDown UIInterfaceOrientationLandscapeLeft UIInterfaceOrientationLandscapeRight";
				INFOPLIST_KEY_UISupportedInterfaceOrientations_iPhone = "UIInterfaceOrientationPortrait UIInterfaceOrientationLandscapeLeft UIInterfaceOrientationLandscapeRight";
				IPHONEOS_DEPLOYMENT_TARGET = 18.2;
				LD_RUNPATH_SEARCH_PATHS = "@executable_path/Frameworks";
				"LD_RUNPATH_SEARCH_PATHS[sdk=macosx*]" = "@executable_path/../Frameworks";
				MACOSX_DEPLOYMENT_TARGET = 14.0;
				MARKETING_VERSION = 1.0;
				PRODUCT_BUNDLE_IDENTIFIER = billchan.bikecomputer;
				PRODUCT_NAME = "$(TARGET_NAME)";
				SDKROOT = auto;
				SUPPORTED_PLATFORMS = "iphoneos iphonesimulator macosx xros xrsimulator";
				SWIFT_EMIT_LOC_STRINGS = YES;
				SWIFT_VERSION = 6.0;
				TARGETED_DEVICE_FAMILY = "1,2,7";
				XROS_DEPLOYMENT_TARGET = 2.2;
			};
			name = Debug;
		};
		A99B176E2D2B0AAF0052A9E3 /* Release */ = {
			isa = XCBuildConfiguration;
			buildSettings = {
				ASSETCATALOG_COMPILER_APPICON_NAME = AppIcon;
				ASSETCATALOG_COMPILER_GLOBAL_ACCENT_COLOR_NAME = AccentColor;
				CODE_SIGN_ENTITLEMENTS = bikecomputer/bikecomputer.entitlements;
				CODE_SIGN_STYLE = Automatic;
				CURRENT_PROJECT_VERSION = 1;
				DEVELOPMENT_ASSET_PATHS = "\"bikecomputer/Preview Content\"";
				DEVELOPMENT_TEAM = G5GZ5MPEHS;
				ENABLE_HARDENED_RUNTIME = YES;
				ENABLE_PREVIEWS = YES;
				GENERATE_INFOPLIST_FILE = YES;
				INFOPLIST_FILE = bikecomputer/Info.plist;
				"INFOPLIST_KEY_UIApplicationSceneManifest_Generation[sdk=iphoneos*]" = YES;
				"INFOPLIST_KEY_UIApplicationSceneManifest_Generation[sdk=iphonesimulator*]" = YES;
				"INFOPLIST_KEY_UIApplicationSupportsIndirectInputEvents[sdk=iphoneos*]" = YES;
				"INFOPLIST_KEY_UIApplicationSupportsIndirectInputEvents[sdk=iphonesimulator*]" = YES;
				"INFOPLIST_KEY_UILaunchScreen_Generation[sdk=iphoneos*]" = YES;
				"INFOPLIST_KEY_UILaunchScreen_Generation[sdk=iphonesimulator*]" = YES;
				"INFOPLIST_KEY_UIStatusBarStyle[sdk=iphoneos*]" = UIStatusBarStyleDefault;
				"INFOPLIST_KEY_UIStatusBarStyle[sdk=iphonesimulator*]" = UIStatusBarStyleDefault;
				INFOPLIST_KEY_UISupportedInterfaceOrientations_iPad = "UIInterfaceOrientationPortrait UIInterfaceOrientationPortraitUpsideDown UIInterfaceOrientationLandscapeLeft UIInterfaceOrientationLandscapeRight";
				INFOPLIST_KEY_UISupportedInterfaceOrientations_iPhone = "UIInterfaceOrientationPortrait UIInterfaceOrientationLandscapeLeft UIInterfaceOrientationLandscapeRight";
				IPHONEOS_DEPLOYMENT_TARGET = 18.2;
				LD_RUNPATH_SEARCH_PATHS = "@executable_path/Frameworks";
				"LD_RUNPATH_SEARCH_PATHS[sdk=macosx*]" = "@executable_path/../Frameworks";
				MACOSX_DEPLOYMENT_TARGET = 14.0;
				MARKETING_VERSION = 1.0;
				PRODUCT_BUNDLE_IDENTIFIER = billchan.bikecomputer;
				PRODUCT_NAME = "$(TARGET_NAME)";
				SDKROOT = auto;
				SUPPORTED_PLATFORMS = "iphoneos iphonesimulator macosx xros xrsimulator";
				SWIFT_EMIT_LOC_STRINGS = YES;
				SWIFT_VERSION = 6.0;
				TARGETED_DEVICE_FAMILY = "1,2,7";
				XROS_DEPLOYMENT_TARGET = 2.2;
			};
			name = Release;
		};
		A99B176F2D2B0AAF0052A9E3 /* Debug */ = {
			isa = XCBuildConfiguration;
			buildSettings = {
				ALWAYS_SEARCH_USER_PATHS = NO;
				ASSETCATALOG_COMPILER_GENERATE_SWIFT_ASSET_SYMBOL_EXTENSIONS = YES;
				CLANG_ANALYZER_NONNULL = YES;
				CLANG_ANALYZER_NUMBER_OBJECT_CONVERSION = YES_AGGRESSIVE;
				CLANG_CXX_LANGUAGE_STANDARD = "gnu++20";
				CLANG_ENABLE_MODULES = YES;
				CLANG_ENABLE_OBJC_ARC = YES;
				CLANG_ENABLE_OBJC_WEAK = YES;
				CLANG_WARN_BLOCK_CAPTURE_AUTORELEASING = YES;
				CLANG_WARN_BOOL_CONVERSION = YES;
				CLANG_WARN_COMMA = YES;
				CLANG_WARN_CONSTANT_CONVERSION = YES;
				CLANG_WARN_DEPRECATED_OBJC_IMPLEMENTATIONS = YES;
				CLANG_WARN_DIRECT_OBJC_ISA_USAGE = YES_ERROR;
				CLANG_WARN_DOCUMENTATION_COMMENTS = YES;
				CLANG_WARN_EMPTY_BODY = YES;
				CLANG_WARN_ENUM_CONVERSION = YES;
				CLANG_WARN_INFINITE_RECURSION = YES;
				CLANG_WARN_INT_CONVERSION = YES;
				CLANG_WARN_NON_LITERAL_NULL_CONVERSION = YES;
				CLANG_WARN_OBJC_IMPLICIT_RETAIN_SELF = YES;
				CLANG_WARN_OBJC_LITERAL_CONVERSION = YES;
				CLANG_WARN_OBJC_ROOT_CLASS = YES_ERROR;
				CLANG_WARN_QUOTED_INCLUDE_IN_FRAMEWORK_HEADER = YES;
				CLANG_WARN_RANGE_LOOP_ANALYSIS = YES;
				CLANG_WARN_STRICT_PROTOTYPES = YES;
				CLANG_WARN_SUSPICIOUS_MOVE = YES;
				CLANG_WARN_UNGUARDED_AVAILABILITY = YES_AGGRESSIVE;
				CLANG_WARN_UNREACHABLE_CODE = YES;
				CLANG_WARN__DUPLICATE_METHOD_MATCH = YES;
				CODE_SIGN_ENTITLEMENTS = healthkit.entitlements;
				COPY_PHASE_STRIP = NO;
				DEBUG_INFORMATION_FORMAT = dwarf;
				ENABLE_STRICT_OBJC_MSGSEND = YES;
				ENABLE_TESTABILITY = YES;
				ENABLE_USER_SCRIPT_SANDBOXING = YES;
				GCC_C_LANGUAGE_STANDARD = gnu17;
				GCC_DYNAMIC_NO_PIC = NO;
				GCC_NO_COMMON_BLOCKS = YES;
				GCC_OPTIMIZATION_LEVEL = 0;
				GCC_PREPROCESSOR_DEFINITIONS = (
					"DEBUG=1",
					"$(inherited)",
				);
				GCC_WARN_64_TO_32_BIT_CONVERSION = YES;
				GCC_WARN_ABOUT_RETURN_TYPE = YES_ERROR;
				GCC_WARN_UNDECLARED_SELECTOR = YES;
				GCC_WARN_UNINITIALIZED_AUTOS = YES_AGGRESSIVE;
				GCC_WARN_UNUSED_FUNCTION = YES;
				GCC_WARN_UNUSED_VARIABLE = YES;
				INFOPLIST_KEY_NSHealthShareUsageDescription = "This app needs to access your heart rate data in order to display your current heart rate zone.";
				INFOPLIST_KEY_NSHealthUpdateUsageDescription = "This app needs to access record your workout.";
				INFOPLIST_KEY_NSLocationWhenInUseUsageDescription = "We need your location to display your current speed.";
				LOCALIZATION_PREFERS_STRING_CATALOGS = YES;
				MTL_ENABLE_DEBUG_INFO = INCLUDE_SOURCE;
				MTL_FAST_MATH = YES;
				ONLY_ACTIVE_ARCH = YES;
				SWIFT_ACTIVE_COMPILATION_CONDITIONS = "DEBUG $(inherited)";
				SWIFT_OPTIMIZATION_LEVEL = "-Onone";
				SWIFT_VERSION = 6.0;
			};
			name = Debug;
		};
		A99B17702D2B0AAF0052A9E3 /* Release */ = {
			isa = XCBuildConfiguration;
			buildSettings = {
				ALWAYS_SEARCH_USER_PATHS = NO;
				ASSETCATALOG_COMPILER_GENERATE_SWIFT_ASSET_SYMBOL_EXTENSIONS = YES;
				CLANG_ANALYZER_NONNULL = YES;
				CLANG_ANALYZER_NUMBER_OBJECT_CONVERSION = YES_AGGRESSIVE;
				CLANG_CXX_LANGUAGE_STANDARD = "gnu++20";
				CLANG_ENABLE_MODULES = YES;
				CLANG_ENABLE_OBJC_ARC = YES;
				CLANG_ENABLE_OBJC_WEAK = YES;
				CLANG_WARN_BLOCK_CAPTURE_AUTORELEASING = YES;
				CLANG_WARN_BOOL_CONVERSION = YES;
				CLANG_WARN_COMMA = YES;
				CLANG_WARN_CONSTANT_CONVERSION = YES;
				CLANG_WARN_DEPRECATED_OBJC_IMPLEMENTATIONS = YES;
				CLANG_WARN_DIRECT_OBJC_ISA_USAGE = YES_ERROR;
				CLANG_WARN_DOCUMENTATION_COMMENTS = YES;
				CLANG_WARN_EMPTY_BODY = YES;
				CLANG_WARN_ENUM_CONVERSION = YES;
				CLANG_WARN_INFINITE_RECURSION = YES;
				CLANG_WARN_INT_CONVERSION = YES;
				CLANG_WARN_NON_LITERAL_NULL_CONVERSION = YES;
				CLANG_WARN_OBJC_IMPLICIT_RETAIN_SELF = YES;
				CLANG_WARN_OBJC_LITERAL_CONVERSION = YES;
				CLANG_WARN_OBJC_ROOT_CLASS = YES_ERROR;
				CLANG_WARN_QUOTED_INCLUDE_IN_FRAMEWORK_HEADER = YES;
				CLANG_WARN_RANGE_LOOP_ANALYSIS = YES;
				CLANG_WARN_STRICT_PROTOTYPES = YES;
				CLANG_WARN_SUSPICIOUS_MOVE = YES;
				CLANG_WARN_UNGUARDED_AVAILABILITY = YES_AGGRESSIVE;
				CLANG_WARN_UNREACHABLE_CODE = YES;
				CLANG_WARN__DUPLICATE_METHOD_MATCH = YES;
				CODE_SIGN_ENTITLEMENTS = healthkit.entitlements;
				COPY_PHASE_STRIP = NO;
				DEBUG_INFORMATION_FORMAT = "dwarf-with-dsym";
				ENABLE_NS_ASSERTIONS = NO;
				ENABLE_STRICT_OBJC_MSGSEND = YES;
				ENABLE_USER_SCRIPT_SANDBOXING = YES;
				GCC_C_LANGUAGE_STANDARD = gnu17;
				GCC_NO_COMMON_BLOCKS = YES;
				GCC_WARN_64_TO_32_BIT_CONVERSION = YES;
				GCC_WARN_ABOUT_RETURN_TYPE = YES_ERROR;
				GCC_WARN_UNDECLARED_SELECTOR = YES;
				GCC_WARN_UNINITIALIZED_AUTOS = YES_AGGRESSIVE;
				GCC_WARN_UNUSED_FUNCTION = YES;
				GCC_WARN_UNUSED_VARIABLE = YES;
				INFOPLIST_KEY_NSHealthShareUsageDescription = "This app needs to access your heart rate data in order to display your current heart rate zone.";
				INFOPLIST_KEY_NSHealthUpdateUsageDescription = "This app needs to access record your workout.";
				INFOPLIST_KEY_NSLocationWhenInUseUsageDescription = "We need your location to display your current speed.";
				LOCALIZATION_PREFERS_STRING_CATALOGS = YES;
				MTL_ENABLE_DEBUG_INFO = NO;
				MTL_FAST_MATH = YES;
				SWIFT_COMPILATION_MODE = wholemodule;
				SWIFT_VERSION = 6.0;
			};
			name = Release;
		};
		A99B17722D2B0AAF0052A9E3 /* Debug */ = {
			isa = XCBuildConfiguration;
			buildSettings = {
				BUNDLE_LOADER = "$(TEST_HOST)";
				CODE_SIGN_STYLE = Automatic;
				CURRENT_PROJECT_VERSION = 1;
				DEVELOPMENT_TEAM = G5GZ5MPEHS;
				GENERATE_INFOPLIST_FILE = YES;
				IPHONEOS_DEPLOYMENT_TARGET = 18.2;
				MACOSX_DEPLOYMENT_TARGET = 15.2;
				MARKETING_VERSION = 1.0;
				PRODUCT_BUNDLE_IDENTIFIER = billchan.bikecomputerTests;
				PRODUCT_NAME = "$(TARGET_NAME)";
				SDKROOT = auto;
				SUPPORTED_PLATFORMS = "iphoneos iphonesimulator macosx xros xrsimulator";
				SWIFT_EMIT_LOC_STRINGS = NO;
				SWIFT_VERSION = 5.0;
				TARGETED_DEVICE_FAMILY = "1,2,7";
				TEST_HOST = "$(BUILT_PRODUCTS_DIR)/bikecomputer.app/$(BUNDLE_EXECUTABLE_FOLDER_PATH)/bikecomputer";
				XROS_DEPLOYMENT_TARGET = 2.2;
			};
			name = Debug;
		};
		A99B17732D2B0AAF0052A9E3 /* Release */ = {
			isa = XCBuildConfiguration;
			buildSettings = {
				BUNDLE_LOADER = "$(TEST_HOST)";
				CODE_SIGN_STYLE = Automatic;
				CURRENT_PROJECT_VERSION = 1;
				DEVELOPMENT_TEAM = G5GZ5MPEHS;
				GENERATE_INFOPLIST_FILE = YES;
				IPHONEOS_DEPLOYMENT_TARGET = 18.2;
				MACOSX_DEPLOYMENT_TARGET = 15.2;
				MARKETING_VERSION = 1.0;
				PRODUCT_BUNDLE_IDENTIFIER = billchan.bikecomputerTests;
				PRODUCT_NAME = "$(TARGET_NAME)";
				SDKROOT = auto;
				SUPPORTED_PLATFORMS = "iphoneos iphonesimulator macosx xros xrsimulator";
				SWIFT_EMIT_LOC_STRINGS = NO;
				SWIFT_VERSION = 5.0;
				TARGETED_DEVICE_FAMILY = "1,2,7";
				TEST_HOST = "$(BUILT_PRODUCTS_DIR)/bikecomputer.app/$(BUNDLE_EXECUTABLE_FOLDER_PATH)/bikecomputer";
				XROS_DEPLOYMENT_TARGET = 2.2;
			};
			name = Release;
		};
		A99B17752D2B0AAF0052A9E3 /* Debug */ = {
			isa = XCBuildConfiguration;
			buildSettings = {
				CODE_SIGN_STYLE = Automatic;
				CURRENT_PROJECT_VERSION = 1;
				DEVELOPMENT_TEAM = G5GZ5MPEHS;
				GENERATE_INFOPLIST_FILE = YES;
				IPHONEOS_DEPLOYMENT_TARGET = 18.2;
				MACOSX_DEPLOYMENT_TARGET = 15.2;
				MARKETING_VERSION = 1.0;
				PRODUCT_BUNDLE_IDENTIFIER = billchan.bikecomputerUITests;
				PRODUCT_NAME = "$(TARGET_NAME)";
				SDKROOT = auto;
				SUPPORTED_PLATFORMS = "iphoneos iphonesimulator macosx xros xrsimulator";
				SWIFT_EMIT_LOC_STRINGS = NO;
				SWIFT_VERSION = 5.0;
				TARGETED_DEVICE_FAMILY = "1,2,7";
				TEST_TARGET_NAME = bikecomputer;
				XROS_DEPLOYMENT_TARGET = 2.2;
			};
			name = Debug;
		};
		A99B17762D2B0AAF0052A9E3 /* Release */ = {
			isa = XCBuildConfiguration;
			buildSettings = {
				CODE_SIGN_STYLE = Automatic;
				CURRENT_PROJECT_VERSION = 1;
				DEVELOPMENT_TEAM = G5GZ5MPEHS;
				GENERATE_INFOPLIST_FILE = YES;
				IPHONEOS_DEPLOYMENT_TARGET = 18.2;
				MACOSX_DEPLOYMENT_TARGET = 15.2;
				MARKETING_VERSION = 1.0;
				PRODUCT_BUNDLE_IDENTIFIER = billchan.bikecomputerUITests;
				PRODUCT_NAME = "$(TARGET_NAME)";
				SDKROOT = auto;
				SUPPORTED_PLATFORMS = "iphoneos iphonesimulator macosx xros xrsimulator";
				SWIFT_EMIT_LOC_STRINGS = NO;
				SWIFT_VERSION = 5.0;
				TARGETED_DEVICE_FAMILY = "1,2,7";
				TEST_TARGET_NAME = bikecomputer;
				XROS_DEPLOYMENT_TARGET = 2.2;
			};
			name = Release;
		};
		A99B17A02D2B0BE30052A9E3 /* Debug */ = {
			isa = XCBuildConfiguration;
			buildSettings = {
				ASSETCATALOG_COMPILER_APPICON_NAME = AppIcon;
				ASSETCATALOG_COMPILER_GLOBAL_ACCENT_COLOR_NAME = AccentColor;
				CODE_SIGN_STYLE = Automatic;
				CURRENT_PROJECT_VERSION = 1;
				DEVELOPMENT_ASSET_PATHS = "\"watch.bikecomputer Watch App/Preview Content\"";
				DEVELOPMENT_TEAM = G5GZ5MPEHS;
				ENABLE_PREVIEWS = YES;
				GENERATE_INFOPLIST_FILE = YES;
				INFOPLIST_KEY_CFBundleDisplayName = watch.bikecomputer;
				INFOPLIST_KEY_UISupportedInterfaceOrientations = "UIInterfaceOrientationPortrait UIInterfaceOrientationPortraitUpsideDown";
				INFOPLIST_KEY_WKCompanionAppBundleIdentifier = billchan.bikecomputer;
				LD_RUNPATH_SEARCH_PATHS = (
					"$(inherited)",
					"@executable_path/Frameworks",
				);
				MARKETING_VERSION = 1.0;
				PRODUCT_BUNDLE_IDENTIFIER = billchan.bikecomputer.watchkitapp;
				PRODUCT_NAME = "$(TARGET_NAME)";
				SDKROOT = watchos;
				SKIP_INSTALL = YES;
				SWIFT_EMIT_LOC_STRINGS = YES;
				SWIFT_VERSION = 5.0;
				TARGETED_DEVICE_FAMILY = 4;
				WATCHOS_DEPLOYMENT_TARGET = 11.2;
			};
			name = Debug;
		};
		A99B17A12D2B0BE30052A9E3 /* Release */ = {
			isa = XCBuildConfiguration;
			buildSettings = {
				ASSETCATALOG_COMPILER_APPICON_NAME = AppIcon;
				ASSETCATALOG_COMPILER_GLOBAL_ACCENT_COLOR_NAME = AccentColor;
				CODE_SIGN_STYLE = Automatic;
				CURRENT_PROJECT_VERSION = 1;
				DEVELOPMENT_ASSET_PATHS = "\"watch.bikecomputer Watch App/Preview Content\"";
				DEVELOPMENT_TEAM = G5GZ5MPEHS;
				ENABLE_PREVIEWS = YES;
				GENERATE_INFOPLIST_FILE = YES;
				INFOPLIST_KEY_CFBundleDisplayName = watch.bikecomputer;
				INFOPLIST_KEY_UISupportedInterfaceOrientations = "UIInterfaceOrientationPortrait UIInterfaceOrientationPortraitUpsideDown";
				INFOPLIST_KEY_WKCompanionAppBundleIdentifier = billchan.bikecomputer;
				LD_RUNPATH_SEARCH_PATHS = (
					"$(inherited)",
					"@executable_path/Frameworks",
				);
				MARKETING_VERSION = 1.0;
				PRODUCT_BUNDLE_IDENTIFIER = billchan.bikecomputer.watchkitapp;
				PRODUCT_NAME = "$(TARGET_NAME)";
				SDKROOT = watchos;
				SKIP_INSTALL = YES;
				SWIFT_EMIT_LOC_STRINGS = YES;
				SWIFT_VERSION = 5.0;
				TARGETED_DEVICE_FAMILY = 4;
				VALIDATE_PRODUCT = YES;
				WATCHOS_DEPLOYMENT_TARGET = 11.2;
			};
			name = Release;
		};
		A99B17A42D2B0BE30052A9E3 /* Debug */ = {
			isa = XCBuildConfiguration;
			buildSettings = {
				BUNDLE_LOADER = "$(TEST_HOST)";
				CODE_SIGN_STYLE = Automatic;
				CURRENT_PROJECT_VERSION = 1;
				DEVELOPMENT_TEAM = G5GZ5MPEHS;
				GENERATE_INFOPLIST_FILE = YES;
				MARKETING_VERSION = 1.0;
				PRODUCT_BUNDLE_IDENTIFIER = "billchan.watch-bikecomputer-Watch-AppTests";
				PRODUCT_NAME = "$(TARGET_NAME)";
				SDKROOT = watchos;
				SWIFT_EMIT_LOC_STRINGS = NO;
				SWIFT_VERSION = 5.0;
				TARGETED_DEVICE_FAMILY = 4;
				TEST_HOST = "$(BUILT_PRODUCTS_DIR)/watch.bikecomputer Watch App.app/$(BUNDLE_EXECUTABLE_FOLDER_PATH)/watch.bikecomputer Watch App";
				WATCHOS_DEPLOYMENT_TARGET = 11.2;
			};
			name = Debug;
		};
		A99B17A52D2B0BE30052A9E3 /* Release */ = {
			isa = XCBuildConfiguration;
			buildSettings = {
				BUNDLE_LOADER = "$(TEST_HOST)";
				CODE_SIGN_STYLE = Automatic;
				CURRENT_PROJECT_VERSION = 1;
				DEVELOPMENT_TEAM = G5GZ5MPEHS;
				GENERATE_INFOPLIST_FILE = YES;
				MARKETING_VERSION = 1.0;
				PRODUCT_BUNDLE_IDENTIFIER = "billchan.watch-bikecomputer-Watch-AppTests";
				PRODUCT_NAME = "$(TARGET_NAME)";
				SDKROOT = watchos;
				SWIFT_EMIT_LOC_STRINGS = NO;
				SWIFT_VERSION = 5.0;
				TARGETED_DEVICE_FAMILY = 4;
				TEST_HOST = "$(BUILT_PRODUCTS_DIR)/watch.bikecomputer Watch App.app/$(BUNDLE_EXECUTABLE_FOLDER_PATH)/watch.bikecomputer Watch App";
				VALIDATE_PRODUCT = YES;
				WATCHOS_DEPLOYMENT_TARGET = 11.2;
			};
			name = Release;
		};
		A99B17A72D2B0BE30052A9E3 /* Debug */ = {
			isa = XCBuildConfiguration;
			buildSettings = {
				CODE_SIGN_STYLE = Automatic;
				CURRENT_PROJECT_VERSION = 1;
				DEVELOPMENT_TEAM = G5GZ5MPEHS;
				GENERATE_INFOPLIST_FILE = YES;
				MARKETING_VERSION = 1.0;
				PRODUCT_BUNDLE_IDENTIFIER = "billchan.watch-bikecomputer-Watch-AppUITests";
				PRODUCT_NAME = "$(TARGET_NAME)";
				SDKROOT = watchos;
				SWIFT_EMIT_LOC_STRINGS = NO;
				SWIFT_VERSION = 5.0;
				TARGETED_DEVICE_FAMILY = 4;
				TEST_TARGET_NAME = "watch.bikecomputer Watch App";
				WATCHOS_DEPLOYMENT_TARGET = 11.2;
			};
			name = Debug;
		};
		A99B17A82D2B0BE30052A9E3 /* Release */ = {
			isa = XCBuildConfiguration;
			buildSettings = {
				CODE_SIGN_STYLE = Automatic;
				CURRENT_PROJECT_VERSION = 1;
				DEVELOPMENT_TEAM = G5GZ5MPEHS;
				GENERATE_INFOPLIST_FILE = YES;
				MARKETING_VERSION = 1.0;
				PRODUCT_BUNDLE_IDENTIFIER = "billchan.watch-bikecomputer-Watch-AppUITests";
				PRODUCT_NAME = "$(TARGET_NAME)";
				SDKROOT = watchos;
				SWIFT_EMIT_LOC_STRINGS = NO;
				SWIFT_VERSION = 5.0;
				TARGETED_DEVICE_FAMILY = 4;
				TEST_TARGET_NAME = "watch.bikecomputer Watch App";
				VALIDATE_PRODUCT = YES;
				WATCHOS_DEPLOYMENT_TARGET = 11.2;
			};
			name = Release;
		};
/* End XCBuildConfiguration section */

/* Begin XCConfigurationList section */
		A99B17402D2B0AAC0052A9E3 /* Build configuration list for PBXProject "bikecomputer" */ = {
			isa = XCConfigurationList;
			buildConfigurations = (
				A99B176F2D2B0AAF0052A9E3 /* Debug */,
				A99B17702D2B0AAF0052A9E3 /* Release */,
			);
			defaultConfigurationIsVisible = 0;
			defaultConfigurationName = Release;
		};
		A99B176C2D2B0AAF0052A9E3 /* Build configuration list for PBXNativeTarget "bikecomputer" */ = {
			isa = XCConfigurationList;
			buildConfigurations = (
				A99B176D2D2B0AAF0052A9E3 /* Debug */,
				A99B176E2D2B0AAF0052A9E3 /* Release */,
			);
			defaultConfigurationIsVisible = 0;
			defaultConfigurationName = Release;
		};
		A99B17712D2B0AAF0052A9E3 /* Build configuration list for PBXNativeTarget "bikecomputerTests" */ = {
			isa = XCConfigurationList;
			buildConfigurations = (
				A99B17722D2B0AAF0052A9E3 /* Debug */,
				A99B17732D2B0AAF0052A9E3 /* Release */,
			);
			defaultConfigurationIsVisible = 0;
			defaultConfigurationName = Release;
		};
		A99B17742D2B0AAF0052A9E3 /* Build configuration list for PBXNativeTarget "bikecomputerUITests" */ = {
			isa = XCConfigurationList;
			buildConfigurations = (
				A99B17752D2B0AAF0052A9E3 /* Debug */,
				A99B17762D2B0AAF0052A9E3 /* Release */,
			);
			defaultConfigurationIsVisible = 0;
			defaultConfigurationName = Release;
		};
		A99B179F2D2B0BE30052A9E3 /* Build configuration list for PBXNativeTarget "watch.bikecomputer Watch App" */ = {
			isa = XCConfigurationList;
			buildConfigurations = (
				A99B17A02D2B0BE30052A9E3 /* Debug */,
				A99B17A12D2B0BE30052A9E3 /* Release */,
			);
			defaultConfigurationIsVisible = 0;
			defaultConfigurationName = Release;
		};
		A99B17A32D2B0BE30052A9E3 /* Build configuration list for PBXNativeTarget "watch.bikecomputer Watch AppTests" */ = {
			isa = XCConfigurationList;
			buildConfigurations = (
				A99B17A42D2B0BE30052A9E3 /* Debug */,
				A99B17A52D2B0BE30052A9E3 /* Release */,
			);
			defaultConfigurationIsVisible = 0;
			defaultConfigurationName = Release;
		};
		A99B17A62D2B0BE30052A9E3 /* Build configuration list for PBXNativeTarget "watch.bikecomputer Watch AppUITests" */ = {
			isa = XCConfigurationList;
			buildConfigurations = (
				A99B17A72D2B0BE30052A9E3 /* Debug */,
				A99B17A82D2B0BE30052A9E3 /* Release */,
			);
			defaultConfigurationIsVisible = 0;
			defaultConfigurationName = Release;
		};
/* End XCConfigurationList section */
	};
	rootObject = A99B173D2D2B0AAC0052A9E3 /* Project object */;
}
